{
  "name": "idly-common",
  "version": "1.0.0",
  "lockfileVersion": 1,
  "requires": true,
  "dependencies": {
    "@mapbox/sphericalmercator": {
      "version": "1.0.5",
      "resolved": "https://registry.npmjs.org/@mapbox/sphericalmercator/-/sphericalmercator-1.0.5.tgz",
      "integrity": "sha1-cCN7l3QJXtHP286nqP0fyCsmkfI="
    }
  }
}
