{
  "name": "idly-graph",
  "version": "1.0.0",
  "lockfileVersion": 1,
  "requires": true,
  "dependencies": {
    "tslib": {
      "version": "1.7.1",
      "resolved": "https://registry.npmjs.org/tslib/-/tslib-1.7.1.tgz",
      "integrity": "sha1-vIAEFkaRkjp5/oN4u+s9ogF1OOw=",
      "dev": true
    },
    "tslint-consistent-codestyle": {
      "version": "1.6.0",
      "resolved": "https://registry.npmjs.org/tslint-consistent-codestyle/-/tslint-consistent-codestyle-1.6.0.tgz",
      "integrity": "sha1-5C9f0dW9T/ppc4bsikHtLLaBKq8=",
      "dev": true,
      "requires": {
        "tslib": "1.7.1",
        "tsutils": "2.8.2"
      }
    },
    "tslint-immutable": {
      "version": "4.1.0",
      "resolved": "https://registry.npmjs.org/tslint-immutable/-/tslint-immutable-4.1.0.tgz",
      "integrity": "sha512-W8Z4foD5EVlPG0H4jqKC8uANJhklLENNF517mURk6XHg4qD3kAfiQ8ctIObchgVUCzhLNc6Dw7jOk65t8BaGgg==",
      "dev": true
    },
    "tsutils": {
      "version": "2.8.2",
      "resolved": "https://registry.npmjs.org/tsutils/-/tsutils-2.8.2.tgz",
      "integrity": "sha1-LBSGukMSYIRbCsb5Aq/Z1wio6mo=",
      "dev": true,
      "requires": {
        "tslib": "1.7.1"
      }
    }
  }
}
